
Microsoft Visual Studio Solution File, Format Version 12.00
# Visual Studio Version 17
VisualStudioVersion = 17.3.32929.385
MinimumVisualStudioVersion = 10.0.40219.1
Project("{FAE04EC0-301F-11D3-BF4B-00C04F79EFBC}") = "CodeDojo.AppalachianCensus", "CodeDojo.AppalachianCensus\CodeDojo.AppalachianCensus.csproj", "{8B815723-7AD9-4297-A3B1-253D01236B0C}"
EndProject
Global
	GlobalSection(SolutionConfigurationPlatforms) = preSolution
		Debug|Any CPU = Debug|Any CPU
		Release|Any CPU = Release|Any CPU
	EndGlobalSection
	GlobalSection(ProjectConfigurationPlatforms) = postSolution
		{8B815723-7AD9-4297-A3B1-253D01236B0C}.Debug|Any CPU.ActiveCfg = Debug|Any CPU
		{8B815723-7AD9-4297-A3B1-253D01236B0C}.Debug|Any CPU.Build.0 = Debug|Any CPU
		{8B815723-7AD9-4297-A3B1-253D01236B0C}.Release|Any CPU.ActiveCfg = Release|Any CPU
		{8B815723-7AD9-4297-A3B1-253D01236B0C}.Release|Any CPU.Build.0 = Release|Any CPU
	EndGlobalSection
	GlobalSection(SolutionProperties) = preSolution
		HideSolutionNode = FALSE
	EndGlobalSection
	GlobalSection(ExtensibilityGlobals) = postSolution
		SolutionGuid = {8F7944E8-6342-4BC6-AEE2-01881AB682B8}
	EndGlobalSection
EndGlobal
